dependencies:
- name: common
  repository: https://charts.bitnami.com/bitnami
  version: 1.13.1
- name: postgresql
  repository: https://charts.bitnami.com/bitnami
  version: 11.3.0
digest: sha256:b1b950cf90018b7be7f2077b06c32589ff9f076ab8b8c1f31bf8557f6700fffe
generated: "2022-05-26T13:07:23.928762926Z"
