dependencies:
- name: common
  repository: https://charts.bitnami.com/bitnami
  version: 1.14.1
- name: postgresql
  repository: https://charts.bitnami.com/bitnami
  version: 11.1.26
digest: sha256:961091d8da46c35c0e14b9bad81a6b78ad57b1c64f8b072e9abc19eeede48032
generated: "2022-05-23T18:12:25.410319469Z"
